
Microsoft Visual Studio Solution File, Format Version 12.00
# Visual Studio 2013
VisualStudioVersion = 12.0.31101.0
MinimumVisualStudioVersion = 10.0.40219.1
Project("{FAE04EC0-301F-11D3-BF4B-00C04F79EFBC}") = "DistrictsInTown.Api", "DistrictsInTown.Api\DistrictsInTown.Api.csproj", "{BA8CA2C4-A69F-402B-AC42-E2160ECB8BB8}"
EndProject
Project("{FAE04EC0-301F-11D3-BF4B-00C04F79EFBC}") = "IPoolImporter", "IPoolImporter\IPoolImporter.csproj", "{32239598-2E47-4A38-820D-81AFE12EA781}"
EndProject
Project("{FAE04EC0-301F-11D3-BF4B-00C04F79EFBC}") = "DistrictsInTown.DbModel", "DistrictsInTown.DbModel\DistrictsInTown.DbModel.csproj", "{D2F0A269-40A8-4D65-AF0F-CBBE46AA92E3}"
EndProject
Project("{FAE04EC0-301F-11D3-BF4B-00C04F79EFBC}") = "FourSquareImporter", "FourSquareImporter\FourSquareImporter.csproj", "{58440E84-680A-47E6-A751-7CE2B7418750}"
EndProject
Global
	GlobalSection(SolutionConfigurationPlatforms) = preSolution
		Debug|Any CPU = Debug|Any CPU
		Release|Any CPU = Release|Any CPU
	EndGlobalSection
	GlobalSection(ProjectConfigurationPlatforms) = postSolution
		{BA8CA2C4-A69F-402B-AC42-E2160ECB8BB8}.Debug|Any CPU.ActiveCfg = Debug|Any CPU
		{BA8CA2C4-A69F-402B-AC42-E2160ECB8BB8}.Debug|Any CPU.Build.0 = Debug|Any CPU
		{BA8CA2C4-A69F-402B-AC42-E2160ECB8BB8}.Release|Any CPU.ActiveCfg = Release|Any CPU
		{BA8CA2C4-A69F-402B-AC42-E2160ECB8BB8}.Release|Any CPU.Build.0 = Release|Any CPU
		{32239598-2E47-4A38-820D-81AFE12EA781}.Debug|Any CPU.ActiveCfg = Debug|Any CPU
		{32239598-2E47-4A38-820D-81AFE12EA781}.Debug|Any CPU.Build.0 = Debug|Any CPU
		{32239598-2E47-4A38-820D-81AFE12EA781}.Release|Any CPU.ActiveCfg = Release|Any CPU
		{32239598-2E47-4A38-820D-81AFE12EA781}.Release|Any CPU.Build.0 = Release|Any CPU
		{D2F0A269-40A8-4D65-AF0F-CBBE46AA92E3}.Debug|Any CPU.ActiveCfg = Debug|Any CPU
		{D2F0A269-40A8-4D65-AF0F-CBBE46AA92E3}.Debug|Any CPU.Build.0 = Debug|Any CPU
		{D2F0A269-40A8-4D65-AF0F-CBBE46AA92E3}.Release|Any CPU.ActiveCfg = Release|Any CPU
		{D2F0A269-40A8-4D65-AF0F-CBBE46AA92E3}.Release|Any CPU.Build.0 = Release|Any CPU
		{58440E84-680A-47E6-A751-7CE2B7418750}.Debug|Any CPU.ActiveCfg = Debug|Any CPU
		{58440E84-680A-47E6-A751-7CE2B7418750}.Debug|Any CPU.Build.0 = Debug|Any CPU
		{58440E84-680A-47E6-A751-7CE2B7418750}.Release|Any CPU.ActiveCfg = Release|Any CPU
		{58440E84-680A-47E6-A751-7CE2B7418750}.Release|Any CPU.Build.0 = Release|Any CPU
	EndGlobalSection
	GlobalSection(SolutionProperties) = preSolution
		HideSolutionNode = FALSE
	EndGlobalSection
EndGlobal
